# THIS IS AN AUTOGENERATED FILE. DO NOT EDIT THIS FILE DIRECTLY.
# yarn lockfile v1


create-vite@^6.5.0:
  version "6.5.0"
  resolved "https://registry.yarnpkg.com/create-vite/-/create-vite-6.5.0.tgz#12c28bc0eb0a6a512588f7ae760e28c735db39fc"
  integrity sha512-2GsVyyXPMsXeIHR9m61ANZ0YJkUojUbgACdzIAlYoKgw/b5M5GJAfzuBD56uJ4q82NxrAekt0k4OTtH1s+rfcQ==
